

GROUP AsyncSeq
RESTRICTION: == netstandard2.1
NUGET
  remote: https://api.nuget.org/v3/index.json
    FSharp.Control.AsyncSeq (3.2.1)
      FSharp.Core (>= 4.7.2)
      Microsoft.Bcl.AsyncInterfaces (>= 5.0)
    FSharp.Core (11.0.100)
    Microsoft.Bcl.AsyncInterfaces (10.0.2)

GROUP Reactive
RESTRICTION: == netstandard2.0
NUGET
  remote: https://api.nuget.org/v3/index.json
    Fable.Actor (5.0.0-rc.8)
      Fable.Beam (>= 5.0.0-rc.22)
      Fable.Core (>= 5.0.0-rc.1)
      FSharp.Core (>= 10.1.201)
    Fable.Beam (5.0.0-rc.22)
      Fable.Core (5.0.0-rc.1)
      FSharp.Core (>= 5.0)
    Fable.Core (5.0.0-rc.1)
      FSharp.Core (>= 4.7.2)
    FSharp.Core (10.1.201)

GROUP Test
RESTRICTION: == net10.0
NUGET
  remote: https://api.nuget.org/v3/index.json
    Azure.Core (1.51.1)
      Microsoft.Bcl.AsyncInterfaces (>= 10.0.2)
      System.ClientModel (>= 1.9)
      System.Memory.Data (>= 10.0.1)
    Azure.Monitor.OpenTelemetry.Exporter (1.6)
      Azure.Core (>= 1.50)
      OpenTelemetry.Extensions.Hosting (>= 1.14)
      OpenTelemetry.PersistentStorage.FileSystem (>= 1.0.2)
    coverlet.msbuild (6.0.4)
    Expecto (10.2.3)
      FSharp.Core (>= 7.0.200)
      Mono.Cecil (>= 0.11.4 < 1.0)
    FSharp.Core (10.0.102)
    Microsoft.ApplicationInsights (3.0)
      Azure.Monitor.OpenTelemetry.Exporter (>= 1.6)
    Microsoft.Bcl.AsyncInterfaces (10.0.2)
    Microsoft.CodeCoverage (18.0.1)
    Microsoft.Extensions.Configuration (10.0.2)
      Microsoft.Extensions.Configuration.Abstractions (>= 10.0.2)
      Microsoft.Extensions.Primitives (>= 10.0.2)
    Microsoft.Extensions.Configuration.Abstractions (10.0.2)
      Microsoft.Extensions.Primitives (>= 10.0.2)
    Microsoft.Extensions.Configuration.Binder (10.0.2)
      Microsoft.Extensions.Configuration (>= 10.0.2)
      Microsoft.Extensions.Configuration.Abstractions (>= 10.0.2)
    Microsoft.Extensions.DependencyInjection (10.0.2)
      Microsoft.Extensions.DependencyInjection.Abstractions (>= 10.0.2)
    Microsoft.Extensions.DependencyInjection.Abstractions (10.0.2)
    Microsoft.Extensions.Diagnostics.Abstractions (10.0.2)
      Microsoft.Extensions.DependencyInjection.Abstractions (>= 10.0.2)
      Microsoft.Extensions.Options (>= 10.0.2)
    Microsoft.Extensions.FileProviders.Abstractions (10.0.2)
      Microsoft.Extensions.Primitives (>= 10.0.2)
    Microsoft.Extensions.Hosting.Abstractions (10.0.2)
      Microsoft.Extensions.Configuration.Abstractions (>= 10.0.2)
      Microsoft.Extensions.DependencyInjection.Abstractions (>= 10.0.2)
      Microsoft.Extensions.Diagnostics.Abstractions (>= 10.0.2)
      Microsoft.Extensions.FileProviders.Abstractions (>= 10.0.2)
      Microsoft.Extensions.Logging.Abstractions (>= 10.0.2)
    Microsoft.Extensions.Logging (10.0.2)
      Microsoft.Extensions.DependencyInjection (>= 10.0.2)
      Microsoft.Extensions.Logging.Abstractions (>= 10.0.2)
      Microsoft.Extensions.Options (>= 10.0.2)
    Microsoft.Extensions.Logging.Abstractions (10.0.2)
      Microsoft.Extensions.DependencyInjection.Abstractions (>= 10.0.2)
    Microsoft.Extensions.Logging.Configuration (10.0.2)
      Microsoft.Extensions.Configuration (>= 10.0.2)
      Microsoft.Extensions.Configuration.Abstractions (>= 10.0.2)
      Microsoft.Extensions.Configuration.Binder (>= 10.0.2)
      Microsoft.Extensions.DependencyInjection.Abstractions (>= 10.0.2)
      Microsoft.Extensions.Logging (>= 10.0.2)
      Microsoft.Extensions.Logging.Abstractions (>= 10.0.2)
      Microsoft.Extensions.Options (>= 10.0.2)
      Microsoft.Extensions.Options.ConfigurationExtensions (>= 10.0.2)
    Microsoft.Extensions.Options (10.0.2)
      Microsoft.Extensions.DependencyInjection.Abstractions (>= 10.0.2)
      Microsoft.Extensions.Primitives (>= 10.0.2)
    Microsoft.Extensions.Options.ConfigurationExtensions (10.0.2)
      Microsoft.Extensions.Configuration.Abstractions (>= 10.0.2)
      Microsoft.Extensions.Configuration.Binder (>= 10.0.2)
      Microsoft.Extensions.DependencyInjection.Abstractions (>= 10.0.2)
      Microsoft.Extensions.Options (>= 10.0.2)
      Microsoft.Extensions.Primitives (>= 10.0.2)
    Microsoft.Extensions.Primitives (10.0.2)
    Microsoft.NET.Test.Sdk (18.0.1)
      Microsoft.CodeCoverage (>= 18.0.1)
      Microsoft.TestPlatform.TestHost (>= 18.0.1)
    Microsoft.Testing.Extensions.Telemetry (2.1)
      Microsoft.ApplicationInsights (>= 2.23)
      Microsoft.Testing.Platform (>= 2.1)
    Microsoft.Testing.Extensions.TrxReport.Abstractions (2.1)
      Microsoft.Testing.Platform (>= 2.1)
    Microsoft.Testing.Extensions.VSTestBridge (2.1)
      Microsoft.Testing.Extensions.Telemetry (>= 2.1)
      Microsoft.Testing.Extensions.TrxReport.Abstractions (>= 2.1)
      Microsoft.Testing.Platform (>= 2.1)
      Microsoft.TestPlatform.ObjectModel (>= 18.0.1)
    Microsoft.Testing.Platform (2.1)
    Microsoft.Testing.Platform.MSBuild (2.1)
      Microsoft.Testing.Platform (>= 2.1)
    Microsoft.TestPlatform.ObjectModel (18.0.1)
      System.Reflection.Metadata (>= 8.0)
    Microsoft.TestPlatform.TestHost (18.0.1)
      Microsoft.TestPlatform.ObjectModel (>= 18.0.1)
      Newtonsoft.Json (>= 13.0.3)
    Mono.Cecil (0.11.6)
    Newtonsoft.Json (13.0.4)
    OpenTelemetry (1.15)
      Microsoft.Extensions.Diagnostics.Abstractions (>= 10.0)
      Microsoft.Extensions.Logging.Configuration (>= 10.0)
      OpenTelemetry.Api.ProviderBuilderExtensions (>= 1.15)
    OpenTelemetry.Api (1.15)
    OpenTelemetry.Api.ProviderBuilderExtensions (1.15)
      Microsoft.Extensions.DependencyInjection.Abstractions (>= 10.0)
      OpenTelemetry.Api (>= 1.15)
    OpenTelemetry.Extensions.Hosting (1.15)
      Microsoft.Extensions.Hosting.Abstractions (>= 10.0)
      OpenTelemetry (>= 1.15)
    OpenTelemetry.PersistentStorage.Abstractions (1.0.2)
    OpenTelemetry.PersistentStorage.FileSystem (1.0.2)
      OpenTelemetry.PersistentStorage.Abstractions (>= 1.0.2)
    System.ClientModel (1.9)
      Microsoft.Extensions.Configuration.Abstractions (>= 10.0.2)
      Microsoft.Extensions.Hosting.Abstractions (>= 10.0.2)
      Microsoft.Extensions.Logging.Abstractions (>= 10.0.2)
      System.Memory.Data (>= 10.0.1)
    System.Memory.Data (10.0.2)
    System.Reflection.Metadata (10.0.2)
    YoloDev.Expecto.TestSdk (0.15.5)
      Expecto (>= 10.2.2 < 11.0)
      FSharp.Core (>= 7.0.200)
      Microsoft.Testing.Extensions.VSTestBridge (>= 1.9)
      Microsoft.Testing.Platform.MSBuild (>= 1.9)
